
Microsoft Visual Studio Solution File, Format Version 12.00
# Visual Studio Version 16
VisualStudioVersion = 16.0.29709.97
MinimumVisualStudioVersion = 10.0.40219.1
Project("{FAE04EC0-301F-11D3-BF4B-00C04F79EFBC}") = "TaxService.Web", "TaxService.Web.csproj", "{3BF9C725-DBD7-4A4E-A414-476370756A49}"
EndProject
Project("{FAE04EC0-301F-11D3-BF4B-00C04F79EFBC}") = "TaxService.Domain", "..\TaxService.Domain\TaxService.Domain.csproj", "{23717DFC-0249-4CB2-A238-A36FAC157A47}"
EndProject
Project("{FAE04EC0-301F-11D3-BF4B-00C04F79EFBC}") = "TaxService.Data", "..\TaxService.Data\TaxService.Data.csproj", "{622DC415-661C-4696-AB7C-B02A926DE026}"
EndProject
Project("{FAE04EC0-301F-11D3-BF4B-00C04F79EFBC}") = "TaxService.Model.Api", "..\TaxService.Model.Api\TaxService.Model.Api.csproj", "{349F2E4C-9B1E-47A2-8184-B27EB041BC89}"
EndProject
Project("{FAE04EC0-301F-11D3-BF4B-00C04F79EFBC}") = "TaxService.Core", "..\TaxService.Core\TaxService.Core.csproj", "{3BB85F67-097F-4949-9670-1D030CCE4B43}"
EndProject
Global
	GlobalSection(SolutionConfigurationPlatforms) = preSolution
		Debug|Any CPU = Debug|Any CPU
		Release|Any CPU = Release|Any CPU
	EndGlobalSection
	GlobalSection(ProjectConfigurationPlatforms) = postSolution
		{3BF9C725-DBD7-4A4E-A414-476370756A49}.Debug|Any CPU.ActiveCfg = Debug|Any CPU
		{3BF9C725-DBD7-4A4E-A414-476370756A49}.Debug|Any CPU.Build.0 = Debug|Any CPU
		{3BF9C725-DBD7-4A4E-A414-476370756A49}.Release|Any CPU.ActiveCfg = Release|Any CPU
		{3BF9C725-DBD7-4A4E-A414-476370756A49}.Release|Any CPU.Build.0 = Release|Any CPU
		{23717DFC-0249-4CB2-A238-A36FAC157A47}.Debug|Any CPU.ActiveCfg = Debug|Any CPU
		{23717DFC-0249-4CB2-A238-A36FAC157A47}.Debug|Any CPU.Build.0 = Debug|Any CPU
		{23717DFC-0249-4CB2-A238-A36FAC157A47}.Release|Any CPU.ActiveCfg = Release|Any CPU
		{23717DFC-0249-4CB2-A238-A36FAC157A47}.Release|Any CPU.Build.0 = Release|Any CPU
		{622DC415-661C-4696-AB7C-B02A926DE026}.Debug|Any CPU.ActiveCfg = Debug|Any CPU
		{622DC415-661C-4696-AB7C-B02A926DE026}.Debug|Any CPU.Build.0 = Debug|Any CPU
		{622DC415-661C-4696-AB7C-B02A926DE026}.Release|Any CPU.ActiveCfg = Release|Any CPU
		{622DC415-661C-4696-AB7C-B02A926DE026}.Release|Any CPU.Build.0 = Release|Any CPU
		{349F2E4C-9B1E-47A2-8184-B27EB041BC89}.Debug|Any CPU.ActiveCfg = Debug|Any CPU
		{349F2E4C-9B1E-47A2-8184-B27EB041BC89}.Debug|Any CPU.Build.0 = Debug|Any CPU
		{349F2E4C-9B1E-47A2-8184-B27EB041BC89}.Release|Any CPU.ActiveCfg = Release|Any CPU
		{349F2E4C-9B1E-47A2-8184-B27EB041BC89}.Release|Any CPU.Build.0 = Release|Any CPU
		{3BB85F67-097F-4949-9670-1D030CCE4B43}.Debug|Any CPU.ActiveCfg = Debug|Any CPU
		{3BB85F67-097F-4949-9670-1D030CCE4B43}.Debug|Any CPU.Build.0 = Debug|Any CPU
		{3BB85F67-097F-4949-9670-1D030CCE4B43}.Release|Any CPU.ActiveCfg = Release|Any CPU
		{3BB85F67-097F-4949-9670-1D030CCE4B43}.Release|Any CPU.Build.0 = Release|Any CPU
	EndGlobalSection
	GlobalSection(SolutionProperties) = preSolution
		HideSolutionNode = FALSE
	EndGlobalSection
	GlobalSection(ExtensibilityGlobals) = postSolution
		SolutionGuid = {6CDE7738-4EE1-4D26-9D87-42103626E8AF}
	EndGlobalSection
EndGlobal
